
Microsoft Visual Studio Solution File, Format Version 12.00
# Visual Studio 14
VisualStudioVersion = 14.0.25029.0
MinimumVisualStudioVersion = 10.0.40219.1
Project("{FAE04EC0-301F-11D3-BF4B-00C04F79EFBC}") = "SimpleFactory", "SimpleFactory\SimpleFactory.csproj", "{1E6E6837-C321-4739-90E3-9261184A360C}"
EndProject
Project("{FAE04EC0-301F-11D3-BF4B-00C04F79EFBC}") = "SimpleFactoryTests", "SimpleFactoryTests\SimpleFactoryTests.csproj", "{6D1B5D7F-69CE-4CE2-9477-3AF50E8BA105}"
EndProject
Project("{FAE04EC0-301F-11D3-BF4B-00C04F79EFBC}") = "StrategyPattern", "StrategyPattern\StrategyPattern.csproj", "{47436DE8-2FFF-4E5E-9743-B3EB1E449FA3}"
EndProject
Project("{FAE04EC0-301F-11D3-BF4B-00C04F79EFBC}") = "StrategyPatternTests", "StrategyPatternTests\StrategyPatternTests.csproj", "{E444B6C5-E54A-46AD-8955-8D01843DE451}"
EndProject
Project("{FAE04EC0-301F-11D3-BF4B-00C04F79EFBC}") = "DecoratorPattern", "DecoratorPattern\DecoratorPattern.csproj", "{52908790-4084-41EB-9ACA-AE56E1B3136F}"
EndProject
Project("{FAE04EC0-301F-11D3-BF4B-00C04F79EFBC}") = "ProxyPattern", "ProxyPattern\ProxyPattern.csproj", "{F599EA77-72DF-4C56-AB70-D6AF5F0F5233}"
EndProject
Project("{FAE04EC0-301F-11D3-BF4B-00C04F79EFBC}") = "LeiFengFactoryPattern", "LeiFengFactoryPattern\LeiFengFactoryPattern.csproj", "{72BD832C-51D7-431B-BB8E-F4FB17699D11}"
EndProject
Project("{FAE04EC0-301F-11D3-BF4B-00C04F79EFBC}") = "PrototypePattern", "PrototypePattern\PrototypePattern.csproj", "{A5B0A136-6A2F-4A59-89E0-4A792E99078C}"
EndProject
Project("{FAE04EC0-301F-11D3-BF4B-00C04F79EFBC}") = "TemplatePattern", "TemplatePattern\TemplatePattern.csproj", "{28D4DFEB-4643-4B89-AFBB-FC9E7F8BBD97}"
EndProject
Global
	GlobalSection(SolutionConfigurationPlatforms) = preSolution
		Debug|Any CPU = Debug|Any CPU
		Release|Any CPU = Release|Any CPU
	EndGlobalSection
	GlobalSection(ProjectConfigurationPlatforms) = postSolution
		{1E6E6837-C321-4739-90E3-9261184A360C}.Debug|Any CPU.ActiveCfg = Debug|Any CPU
		{1E6E6837-C321-4739-90E3-9261184A360C}.Debug|Any CPU.Build.0 = Debug|Any CPU
		{1E6E6837-C321-4739-90E3-9261184A360C}.Release|Any CPU.ActiveCfg = Release|Any CPU
		{1E6E6837-C321-4739-90E3-9261184A360C}.Release|Any CPU.Build.0 = Release|Any CPU
		{6D1B5D7F-69CE-4CE2-9477-3AF50E8BA105}.Debug|Any CPU.ActiveCfg = Debug|Any CPU
		{6D1B5D7F-69CE-4CE2-9477-3AF50E8BA105}.Debug|Any CPU.Build.0 = Debug|Any CPU
		{6D1B5D7F-69CE-4CE2-9477-3AF50E8BA105}.Release|Any CPU.ActiveCfg = Release|Any CPU
		{6D1B5D7F-69CE-4CE2-9477-3AF50E8BA105}.Release|Any CPU.Build.0 = Release|Any CPU
		{47436DE8-2FFF-4E5E-9743-B3EB1E449FA3}.Debug|Any CPU.ActiveCfg = Debug|Any CPU
		{47436DE8-2FFF-4E5E-9743-B3EB1E449FA3}.Debug|Any CPU.Build.0 = Debug|Any CPU
		{47436DE8-2FFF-4E5E-9743-B3EB1E449FA3}.Release|Any CPU.ActiveCfg = Release|Any CPU
		{47436DE8-2FFF-4E5E-9743-B3EB1E449FA3}.Release|Any CPU.Build.0 = Release|Any CPU
		{E444B6C5-E54A-46AD-8955-8D01843DE451}.Debug|Any CPU.ActiveCfg = Debug|Any CPU
		{E444B6C5-E54A-46AD-8955-8D01843DE451}.Debug|Any CPU.Build.0 = Debug|Any CPU
		{E444B6C5-E54A-46AD-8955-8D01843DE451}.Release|Any CPU.ActiveCfg = Release|Any CPU
		{E444B6C5-E54A-46AD-8955-8D01843DE451}.Release|Any CPU.Build.0 = Release|Any CPU
		{52908790-4084-41EB-9ACA-AE56E1B3136F}.Debug|Any CPU.ActiveCfg = Debug|Any CPU
		{52908790-4084-41EB-9ACA-AE56E1B3136F}.Debug|Any CPU.Build.0 = Debug|Any CPU
		{52908790-4084-41EB-9ACA-AE56E1B3136F}.Release|Any CPU.ActiveCfg = Release|Any CPU
		{52908790-4084-41EB-9ACA-AE56E1B3136F}.Release|Any CPU.Build.0 = Release|Any CPU
		{F599EA77-72DF-4C56-AB70-D6AF5F0F5233}.Debug|Any CPU.ActiveCfg = Debug|Any CPU
		{F599EA77-72DF-4C56-AB70-D6AF5F0F5233}.Debug|Any CPU.Build.0 = Debug|Any CPU
		{F599EA77-72DF-4C56-AB70-D6AF5F0F5233}.Release|Any CPU.ActiveCfg = Release|Any CPU
		{F599EA77-72DF-4C56-AB70-D6AF5F0F5233}.Release|Any CPU.Build.0 = Release|Any CPU
		{72BD832C-51D7-431B-BB8E-F4FB17699D11}.Debug|Any CPU.ActiveCfg = Debug|Any CPU
		{72BD832C-51D7-431B-BB8E-F4FB17699D11}.Debug|Any CPU.Build.0 = Debug|Any CPU
		{72BD832C-51D7-431B-BB8E-F4FB17699D11}.Release|Any CPU.ActiveCfg = Release|Any CPU
		{72BD832C-51D7-431B-BB8E-F4FB17699D11}.Release|Any CPU.Build.0 = Release|Any CPU
		{A5B0A136-6A2F-4A59-89E0-4A792E99078C}.Debug|Any CPU.ActiveCfg = Debug|Any CPU
		{A5B0A136-6A2F-4A59-89E0-4A792E99078C}.Debug|Any CPU.Build.0 = Debug|Any CPU
		{A5B0A136-6A2F-4A59-89E0-4A792E99078C}.Release|Any CPU.ActiveCfg = Release|Any CPU
		{A5B0A136-6A2F-4A59-89E0-4A792E99078C}.Release|Any CPU.Build.0 = Release|Any CPU
		{28D4DFEB-4643-4B89-AFBB-FC9E7F8BBD97}.Debug|Any CPU.ActiveCfg = Debug|Any CPU
		{28D4DFEB-4643-4B89-AFBB-FC9E7F8BBD97}.Debug|Any CPU.Build.0 = Debug|Any CPU
		{28D4DFEB-4643-4B89-AFBB-FC9E7F8BBD97}.Release|Any CPU.ActiveCfg = Release|Any CPU
		{28D4DFEB-4643-4B89-AFBB-FC9E7F8BBD97}.Release|Any CPU.Build.0 = Release|Any CPU
	EndGlobalSection
	GlobalSection(SolutionProperties) = preSolution
		HideSolutionNode = FALSE
	EndGlobalSection
EndGlobal
